
Microsoft Visual Studio Solution File, Format Version 12.00
# Visual Studio Version 16
VisualStudioVersion = 16.0.30621.155
MinimumVisualStudioVersion = 10.0.40219.1
Project("{FAE04EC0-301F-11D3-BF4B-00C04F79EFBC}") = "cw2", "cw2\cw2.csproj", "{3DC64D64-247E-4ABE-BBAF-5607AC475359}"
EndProject
Global
	GlobalSection(SolutionConfigurationPlatforms) = preSolution
		Debug|Any CPU = Debug|Any CPU
		Release|Any CPU = Release|Any CPU
	EndGlobalSection
	GlobalSection(ProjectConfigurationPlatforms) = postSolution
		{3DC64D64-247E-4ABE-BBAF-5607AC475359}.Debug|Any CPU.ActiveCfg = Debug|Any CPU
		{3DC64D64-247E-4ABE-BBAF-5607AC475359}.Debug|Any CPU.Build.0 = Debug|Any CPU
		{3DC64D64-247E-4ABE-BBAF-5607AC475359}.Release|Any CPU.ActiveCfg = Release|Any CPU
		{3DC64D64-247E-4ABE-BBAF-5607AC475359}.Release|Any CPU.Build.0 = Release|Any CPU
	EndGlobalSection
	GlobalSection(SolutionProperties) = preSolution
		HideSolutionNode = FALSE
	EndGlobalSection
	GlobalSection(ExtensibilityGlobals) = postSolution
		SolutionGuid = {C3E4D922-23C1-4ADE-B748-3E512B943889}
	EndGlobalSection
EndGlobal
